
Microsoft Visual Studio Solution File, Format Version 12.00
# Visual Studio Version 17
VisualStudioVersion = 17.4.33213.308
MinimumVisualStudioVersion = 10.0.40219.1
Project("{FAE04EC0-301F-11D3-BF4B-00C04F79EFBC}") = "EjercicioBusquedaBinaria", "EjercicioBusquedaBinaria\EjercicioBusquedaBinaria.csproj", "{12D0B88D-4891-4AC8-BEAD-1B5942E07CDC}"
EndProject
Global
	GlobalSection(SolutionConfigurationPlatforms) = preSolution
		Debug|Any CPU = Debug|Any CPU
		Release|Any CPU = Release|Any CPU
	EndGlobalSection
	GlobalSection(ProjectConfigurationPlatforms) = postSolution
		{12D0B88D-4891-4AC8-BEAD-1B5942E07CDC}.Debug|Any CPU.ActiveCfg = Debug|Any CPU
		{12D0B88D-4891-4AC8-BEAD-1B5942E07CDC}.Debug|Any CPU.Build.0 = Debug|Any CPU
		{12D0B88D-4891-4AC8-BEAD-1B5942E07CDC}.Release|Any CPU.ActiveCfg = Release|Any CPU
		{12D0B88D-4891-4AC8-BEAD-1B5942E07CDC}.Release|Any CPU.Build.0 = Release|Any CPU
	EndGlobalSection
	GlobalSection(SolutionProperties) = preSolution
		HideSolutionNode = FALSE
	EndGlobalSection
	GlobalSection(ExtensibilityGlobals) = postSolution
		SolutionGuid = {21716443-0364-4F8D-AB0C-A3A14584FA56}
	EndGlobalSection
EndGlobal
